
Microsoft Visual Studio Solution File, Format Version 12.00
Project("{FAE04EC0-301F-11D3-BF4B-00C04F79EFBC}") = "AmongUsRoomSettings", "AmongUsRoomSettings\AmongUsRoomSettings.csproj", "{DDE254BB-6778-45EE-AB97-1E2F453E126B}"
EndProject
Global
	GlobalSection(SolutionConfigurationPlatforms) = preSolution
		Debug|Any CPU = Debug|Any CPU
		Release|Any CPU = Release|Any CPU
	EndGlobalSection
	GlobalSection(ProjectConfigurationPlatforms) = postSolution
		{DDE254BB-6778-45EE-AB97-1E2F453E126B}.Debug|Any CPU.ActiveCfg = Debug|Any CPU
		{DDE254BB-6778-45EE-AB97-1E2F453E126B}.Debug|Any CPU.Build.0 = Debug|Any CPU
		{DDE254BB-6778-45EE-AB97-1E2F453E126B}.Release|Any CPU.ActiveCfg = Release|Any CPU
		{DDE254BB-6778-45EE-AB97-1E2F453E126B}.Release|Any CPU.Build.0 = Release|Any CPU
	EndGlobalSection
EndGlobal
